
Microsoft Visual Studio Solution File, Format Version 12.00
# Visual Studio Version 16
VisualStudioVersion = 16.0.31702.278
MinimumVisualStudioVersion = 10.0.40219.1
Project("{FAE04EC0-301F-11D3-BF4B-00C04F79EFBC}") = "CartDemo", "CartDemo\CartDemo.csproj", "{9CAB7C85-23CE-457F-9728-F9FC400BF341}"
EndProject
Global
	GlobalSection(SolutionConfigurationPlatforms) = preSolution
		Debug|Any CPU = Debug|Any CPU
		Release|Any CPU = Release|Any CPU
	EndGlobalSection
	GlobalSection(ProjectConfigurationPlatforms) = postSolution
		{9CAB7C85-23CE-457F-9728-F9FC400BF341}.Debug|Any CPU.ActiveCfg = Debug|Any CPU
		{9CAB7C85-23CE-457F-9728-F9FC400BF341}.Debug|Any CPU.Build.0 = Debug|Any CPU
		{9CAB7C85-23CE-457F-9728-F9FC400BF341}.Release|Any CPU.ActiveCfg = Release|Any CPU
		{9CAB7C85-23CE-457F-9728-F9FC400BF341}.Release|Any CPU.Build.0 = Release|Any CPU
	EndGlobalSection
	GlobalSection(SolutionProperties) = preSolution
		HideSolutionNode = FALSE
	EndGlobalSection
	GlobalSection(ExtensibilityGlobals) = postSolution
		SolutionGuid = {A84A5130-A6B1-4CC7-8224-20BFE1F8ADDE}
	EndGlobalSection
EndGlobal
